
Microsoft Visual Studio Solution File, Format Version 12.00
# Visual Studio Version 17
VisualStudioVersion = 17.7.34024.191
MinimumVisualStudioVersion = 10.0.40219.1
Project("{FAE04EC0-301F-11D3-BF4B-00C04F79EFBC}") = "TextBasedRPG", "TextBasedRPG.csproj", "{BCD7CE08-CA13-404E-BBEF-F04A120E5039}"
EndProject
Global
	GlobalSection(SolutionConfigurationPlatforms) = preSolution
		Debug|Any CPU = Debug|Any CPU
		Release|Any CPU = Release|Any CPU
	EndGlobalSection
	GlobalSection(ProjectConfigurationPlatforms) = postSolution
		{BCD7CE08-CA13-404E-BBEF-F04A120E5039}.Debug|Any CPU.ActiveCfg = Debug|Any CPU
		{BCD7CE08-CA13-404E-BBEF-F04A120E5039}.Debug|Any CPU.Build.0 = Debug|Any CPU
		{BCD7CE08-CA13-404E-BBEF-F04A120E5039}.Release|Any CPU.ActiveCfg = Release|Any CPU
		{BCD7CE08-CA13-404E-BBEF-F04A120E5039}.Release|Any CPU.Build.0 = Release|Any CPU
	EndGlobalSection
	GlobalSection(SolutionProperties) = preSolution
		HideSolutionNode = FALSE
	EndGlobalSection
	GlobalSection(ExtensibilityGlobals) = postSolution
		SolutionGuid = {9D27E828-88D8-479C-B7ED-208743119559}
	EndGlobalSection
EndGlobal
